
Microsoft Visual Studio Solution File, Format Version 12.00
# Visual Studio Version 17
VisualStudioVersion = 17.0.31912.275
MinimumVisualStudioVersion = 10.0.40219.1
Project("{9A19103F-16F7-4668-BE54-9A1E7A4F7556}") = "BalaceController", "BalaceController\BalaceController.csproj", "{5EF20D69-8064-42D8-844C-F458862236AA}"
EndProject
Project("{FAE04EC0-301F-11D3-BF4B-00C04F79EFBC}") = "BalanceControllerTests", "BalanceControllerTests\BalanceControllerTests.csproj", "{E5E9CEA0-ACB6-4DE4-9D20-2C8B2BBD16A1}"
EndProject
Global
	GlobalSection(SolutionConfigurationPlatforms) = preSolution
		Debug|Any CPU = Debug|Any CPU
		Release|Any CPU = Release|Any CPU
	EndGlobalSection
	GlobalSection(ProjectConfigurationPlatforms) = postSolution
		{5EF20D69-8064-42D8-844C-F458862236AA}.Debug|Any CPU.ActiveCfg = Debug|Any CPU
		{5EF20D69-8064-42D8-844C-F458862236AA}.Debug|Any CPU.Build.0 = Debug|Any CPU
		{5EF20D69-8064-42D8-844C-F458862236AA}.Release|Any CPU.ActiveCfg = Release|Any CPU
		{5EF20D69-8064-42D8-844C-F458862236AA}.Release|Any CPU.Build.0 = Release|Any CPU
		{E5E9CEA0-ACB6-4DE4-9D20-2C8B2BBD16A1}.Debug|Any CPU.ActiveCfg = Debug|Any CPU
		{E5E9CEA0-ACB6-4DE4-9D20-2C8B2BBD16A1}.Debug|Any CPU.Build.0 = Debug|Any CPU
		{E5E9CEA0-ACB6-4DE4-9D20-2C8B2BBD16A1}.Release|Any CPU.ActiveCfg = Release|Any CPU
		{E5E9CEA0-ACB6-4DE4-9D20-2C8B2BBD16A1}.Release|Any CPU.Build.0 = Release|Any CPU
	EndGlobalSection
	GlobalSection(SolutionProperties) = preSolution
		HideSolutionNode = FALSE
	EndGlobalSection
	GlobalSection(ExtensibilityGlobals) = postSolution
		SolutionGuid = {93A07401-5CAC-441E-B508-336830CED46A}
	EndGlobalSection
EndGlobal
